// !$*UTF8*$!
{
	archiveVersion = 1;
	classes = {
	};
	objectVersion = 50;
	objects = {

/* Begin PBXBuildFile section */
		38B6E4C32E1BC8B6807847E8 /* Pods_CalcRentCost.framework in Frameworks */ = {isa = PBXBuildFile; fileRef = 54BEBA458762DD6CB3521F74 /* Pods_CalcRentCost.framework */; };
		72CAB5B064B5F30213BB4B9F /* Pods_CalcRentCostTests.framework in Frameworks */ = {isa = PBXBuildFile; fileRef = 7D7963C1AE679B0F45BDAF6C /* Pods_CalcRentCostTests.framework */; };
		DB406948239A812F0056F728 /* AppDelegate.swift in Sources */ = {isa = PBXBuildFile; fileRef = DB406947239A812F0056F728 /* AppDelegate.swift */; };
		DB40694A239A812F0056F728 /* SceneDelegate.swift in Sources */ = {isa = PBXBuildFile; fileRef = DB406949239A812F0056F728 /* SceneDelegate.swift */; };
		DB40694C239A812F0056F728 /* ViewController.swift in Sources */ = {isa = PBXBuildFile; fileRef = DB40694B239A812F0056F728 /* ViewController.swift */; };
		DB40694F239A812F0056F728 /* Main.storyboard in Resources */ = {isa = PBXBuildFile; fileRef = DB40694D239A812F0056F728 /* Main.storyboard */; };
		DB406951239A81300056F728 /* Assets.xcassets in Resources */ = {isa = PBXBuildFile; fileRef = DB406950239A81300056F728 /* Assets.xcassets */; };
		DB406954239A81300056F728 /* LaunchScreen.storyboard in Resources */ = {isa = PBXBuildFile; fileRef = DB406952239A81300056F728 /* LaunchScreen.storyboard */; };
		DB40695F239A81300056F728 /* CalcRentCostTests.swift in Sources */ = {isa = PBXBuildFile; fileRef = DB40695E239A81300056F728 /* CalcRentCostTests.swift */; };
		DB40696A239A81300056F728 /* CalcRentCostUITests.swift in Sources */ = {isa = PBXBuildFile; fileRef = DB406969239A81300056F728 /* CalcRentCostUITests.swift */; };
		F54902FFE8ED78E7AB64FAD4 /* Pods_CalcRentCost_CalcRentCostUITests.framework in Frameworks */ = {isa = PBXBuildFile; fileRef = 27D81B66DA71C6AFC207C503 /* Pods_CalcRentCost_CalcRentCostUITests.framework */; };
/* End PBXBuildFile section */

/* Begin PBXContainerItemProxy section */
		DB40695B239A81300056F728 /* PBXContainerItemProxy */ = {
			isa = PBXContainerItemProxy;
			containerPortal = DB40693C239A812F0056F728 /* Project object */;
			proxyType = 1;
			remoteGlobalIDString = DB406943239A812F0056F728;
			remoteInfo = CalcRentCost;
		};
		DB406966239A81300056F728 /* PBXContainerItemProxy */ = {
			isa = PBXContainerItemProxy;
			containerPortal = DB40693C239A812F0056F728 /* Project object */;
			proxyType = 1;
			remoteGlobalIDString = DB406943239A812F0056F728;
			remoteInfo = CalcRentCost;
		};
/* End PBXContainerItemProxy section */

/* Begin PBXFileReference section */
		101EAFAB1EFDAA4033A8EA38 /* Pods-CalcRentCost.debug.xcconfig */ = {isa = PBXFileReference; includeInIndex = 1; lastKnownFileType = text.xcconfig; name = "Pods-CalcRentCost.debug.xcconfig"; path = "Target Support Files/Pods-CalcRentCost/Pods-CalcRentCost.debug.xcconfig"; sourceTree = "<group>"; };
		27D81B66DA71C6AFC207C503 /* Pods_CalcRentCost_CalcRentCostUITests.framework */ = {isa = PBXFileReference; explicitFileType = wrapper.framework; includeInIndex = 0; path = Pods_CalcRentCost_CalcRentCostUITests.framework; sourceTree = BUILT_PRODUCTS_DIR; };
		42EA60607CD9BF610327DFCD /* Pods-CalcRentCost-CalcRentCostUITests.debug.xcconfig */ = {isa = PBXFileReference; includeInIndex = 1; lastKnownFileType = text.xcconfig; name = "Pods-CalcRentCost-CalcRentCostUITests.debug.xcconfig"; path = "Target Support Files/Pods-CalcRentCost-CalcRentCostUITests/Pods-CalcRentCost-CalcRentCostUITests.debug.xcconfig"; sourceTree = "<group>"; };
		54BEBA458762DD6CB3521F74 /* Pods_CalcRentCost.framework */ = {isa = PBXFileReference; explicitFileType = wrapper.framework; includeInIndex = 0; path = Pods_CalcRentCost.framework; sourceTree = BUILT_PRODUCTS_DIR; };
		75C5B48ACD1323B2370BA6D8 /* Pods-CalcRentCost.release.xcconfig */ = {isa = PBXFileReference; includeInIndex = 1; lastKnownFileType = text.xcconfig; name = "Pods-CalcRentCost.release.xcconfig"; path = "Target Support Files/Pods-CalcRentCost/Pods-CalcRentCost.release.xcconfig"; sourceTree = "<group>"; };
		7D7963C1AE679B0F45BDAF6C /* Pods_CalcRentCostTests.framework */ = {isa = PBXFileReference; explicitFileType = wrapper.framework; includeInIndex = 0; path = Pods_CalcRentCostTests.framework; sourceTree = BUILT_PRODUCTS_DIR; };
		9E7D7D466878885BB21113AA /* Pods-CalcRentCostTests.debug.xcconfig */ = {isa = PBXFileReference; includeInIndex = 1; lastKnownFileType = text.xcconfig; name = "Pods-CalcRentCostTests.debug.xcconfig"; path = "Target Support Files/Pods-CalcRentCostTests/Pods-CalcRentCostTests.debug.xcconfig"; sourceTree = "<group>"; };
		A5271F2BE6F0C661DFCB7D93 /* Pods-CalcRentCost-CalcRentCostUITests.release.xcconfig */ = {isa = PBXFileReference; includeInIndex = 1; lastKnownFileType = text.xcconfig; name = "Pods-CalcRentCost-CalcRentCostUITests.release.xcconfig"; path = "Target Support Files/Pods-CalcRentCost-CalcRentCostUITests/Pods-CalcRentCost-CalcRentCostUITests.release.xcconfig"; sourceTree = "<group>"; };
		B2F66DF92C8EB8E07B8746F8 /* Pods-CalcRentCostTests.release.xcconfig */ = {isa = PBXFileReference; includeInIndex = 1; lastKnownFileType = text.xcconfig; name = "Pods-CalcRentCostTests.release.xcconfig"; path = "Target Support Files/Pods-CalcRentCostTests/Pods-CalcRentCostTests.release.xcconfig"; sourceTree = "<group>"; };
		DB406944239A812F0056F728 /* CalcRentCost.app */ = {isa = PBXFileReference; explicitFileType = wrapper.application; includeInIndex = 0; path = CalcRentCost.app; sourceTree = BUILT_PRODUCTS_DIR; };
		DB406947239A812F0056F728 /* AppDelegate.swift */ = {isa = PBXFileReference; lastKnownFileType = sourcecode.swift; path = AppDelegate.swift; sourceTree = "<group>"; };
		DB406949239A812F0056F728 /* SceneDelegate.swift */ = {isa = PBXFileReference; lastKnownFileType = sourcecode.swift; path = SceneDelegate.swift; sourceTree = "<group>"; };
		DB40694B239A812F0056F728 /* ViewController.swift */ = {isa = PBXFileReference; lastKnownFileType = sourcecode.swift; path = ViewController.swift; sourceTree = "<group>"; };
		DB40694E239A812F0056F728 /* Base */ = {isa = PBXFileReference; lastKnownFileType = file.storyboard; name = Base; path = Base.lproj/Main.storyboard; sourceTree = "<group>"; };
		DB406950239A81300056F728 /* Assets.xcassets */ = {isa = PBXFileReference; lastKnownFileType = folder.assetcatalog; path = Assets.xcassets; sourceTree = "<group>"; };
		DB406953239A81300056F728 /* Base */ = {isa = PBXFileReference; lastKnownFileType = file.storyboard; name = Base; path = Base.lproj/LaunchScreen.storyboard; sourceTree = "<group>"; };
		DB406955239A81300056F728 /* Info.plist */ = {isa = PBXFileReference; lastKnownFileType = text.plist.xml; path = Info.plist; sourceTree = "<group>"; };
		DB40695A239A81300056F728 /* CalcRentCostTests.xctest */ = {isa = PBXFileReference; explicitFileType = wrapper.cfbundle; includeInIndex = 0; path = CalcRentCostTests.xctest; sourceTree = BUILT_PRODUCTS_DIR; };
		DB40695E239A81300056F728 /* CalcRentCostTests.swift */ = {isa = PBXFileReference; lastKnownFileType = sourcecode.swift; path = CalcRentCostTests.swift; sourceTree = "<group>"; };
		DB406960239A81300056F728 /* Info.plist */ = {isa = PBXFileReference; lastKnownFileType = text.plist.xml; path = Info.plist; sourceTree = "<group>"; };
		DB406965239A81300056F728 /* CalcRentCostUITests.xctest */ = {isa = PBXFileReference; explicitFileType = wrapper.cfbundle; includeInIndex = 0; path = CalcRentCostUITests.xctest; sourceTree = BUILT_PRODUCTS_DIR; };
		DB406969239A81300056F728 /* CalcRentCostUITests.swift */ = {isa = PBXFileReference; lastKnownFileType = sourcecode.swift; path = CalcRentCostUITests.swift; sourceTree = "<group>"; };
		DB40696B239A81300056F728 /* Info.plist */ = {isa = PBXFileReference; lastKnownFileType = text.plist.xml; path = Info.plist; sourceTree = "<group>"; };
/* End PBXFileReference section */

/* Begin PBXFrameworksBuildPhase section */
		DB406941239A812F0056F728 /* Frameworks */ = {
			isa = PBXFrameworksBuildPhase;
			buildActionMask = 2147483647;
			files = (
				38B6E4C32E1BC8B6807847E8 /* Pods_CalcRentCost.framework in Frameworks */,
			);
			runOnlyForDeploymentPostprocessing = 0;
		};
		DB406957239A81300056F728 /* Frameworks */ = {
			isa = PBXFrameworksBuildPhase;
			buildActionMask = 2147483647;
			files = (
				72CAB5B064B5F30213BB4B9F /* Pods_CalcRentCostTests.framework in Frameworks */,
			);
			runOnlyForDeploymentPostprocessing = 0;
		};
		DB406962239A81300056F728 /* Frameworks */ = {
			isa = PBXFrameworksBuildPhase;
			buildActionMask = 2147483647;
			files = (
				F54902FFE8ED78E7AB64FAD4 /* Pods_CalcRentCost_CalcRentCostUITests.framework in Frameworks */,
			);
			runOnlyForDeploymentPostprocessing = 0;
		};
/* End PBXFrameworksBuildPhase section */

/* Begin PBXGroup section */
		4E6E6509D12A32B04453CE26 /* Pods */ = {
			isa = PBXGroup;
			children = (
				101EAFAB1EFDAA4033A8EA38 /* Pods-CalcRentCost.debug.xcconfig */,
				75C5B48ACD1323B2370BA6D8 /* Pods-CalcRentCost.release.xcconfig */,
				42EA60607CD9BF610327DFCD /* Pods-CalcRentCost-CalcRentCostUITests.debug.xcconfig */,
				A5271F2BE6F0C661DFCB7D93 /* Pods-CalcRentCost-CalcRentCostUITests.release.xcconfig */,
				9E7D7D466878885BB21113AA /* Pods-CalcRentCostTests.debug.xcconfig */,
				B2F66DF92C8EB8E07B8746F8 /* Pods-CalcRentCostTests.release.xcconfig */,
			);
			name = Pods;
			path = Pods;
			sourceTree = "<group>";
		};
		5DDB9125595864944D61B1E3 /* Frameworks */ = {
			isa = PBXGroup;
			children = (
				54BEBA458762DD6CB3521F74 /* Pods_CalcRentCost.framework */,
				27D81B66DA71C6AFC207C503 /* Pods_CalcRentCost_CalcRentCostUITests.framework */,
				7D7963C1AE679B0F45BDAF6C /* Pods_CalcRentCostTests.framework */,
			);
			name = Frameworks;
			sourceTree = "<group>";
		};
		DB40693B239A812F0056F728 = {
			isa = PBXGroup;
			children = (
				DB406946239A812F0056F728 /* CalcRentCost */,
				DB40695D239A81300056F728 /* CalcRentCostTests */,
				DB406968239A81300056F728 /* CalcRentCostUITests */,
				DB406945239A812F0056F728 /* Products */,
				4E6E6509D12A32B04453CE26 /* Pods */,
				5DDB9125595864944D61B1E3 /* Frameworks */,
			);
			sourceTree = "<group>";
		};
		DB406945239A812F0056F728 /* Products */ = {
			isa = PBXGroup;
			children = (
				DB406944239A812F0056F728 /* CalcRentCost.app */,
				DB40695A239A81300056F728 /* CalcRentCostTests.xctest */,
				DB406965239A81300056F728 /* CalcRentCostUITests.xctest */,
			);
			name = Products;
			sourceTree = "<group>";
		};
		DB406946239A812F0056F728 /* CalcRentCost */ = {
			isa = PBXGroup;
			children = (
				DB406947239A812F0056F728 /* AppDelegate.swift */,
				DB406949239A812F0056F728 /* SceneDelegate.swift */,
				DB40694B239A812F0056F728 /* ViewController.swift */,
				DB40694D239A812F0056F728 /* Main.storyboard */,
				DB406950239A81300056F728 /* Assets.xcassets */,
				DB406952239A81300056F728 /* LaunchScreen.storyboard */,
				DB406955239A81300056F728 /* Info.plist */,
			);
			path = CalcRentCost;
			sourceTree = "<group>";
		};
		DB40695D239A81300056F728 /* CalcRentCostTests */ = {
			isa = PBXGroup;
			children = (
				DB40695E239A81300056F728 /* CalcRentCostTests.swift */,
				DB406960239A81300056F728 /* Info.plist */,
			);
			path = CalcRentCostTests;
			sourceTree = "<group>";
		};
		DB406968239A81300056F728 /* CalcRentCostUITests */ = {
			isa = PBXGroup;
			children = (
				DB406969239A81300056F728 /* CalcRentCostUITests.swift */,
				DB40696B239A81300056F728 /* Info.plist */,
			);
			path = CalcRentCostUITests;
			sourceTree = "<group>";
		};
/* End PBXGroup section */

/* Begin PBXNativeTarget section */
		DB406943239A812F0056F728 /* CalcRentCost */ = {
			isa = PBXNativeTarget;
			buildConfigurationList = DB40696E239A81300056F728 /* Build configuration list for PBXNativeTarget "CalcRentCost" */;
			buildPhases = (
				EFE447E3018C1BB70BF16D23 /* [CP] Check Pods Manifest.lock */,
				DB406940239A812F0056F728 /* Sources */,
				DB406941239A812F0056F728 /* Frameworks */,
				DB406942239A812F0056F728 /* Resources */,
				70016D14898350F0DFAF5962 /* [CP] Embed Pods Frameworks */,
			);
			buildRules = (
			);
			dependencies = (
			);
			name = CalcRentCost;
			productName = CalcRentCost;
			productReference = DB406944239A812F0056F728 /* CalcRentCost.app */;
			productType = "com.apple.product-type.application";
		};
		DB406959239A81300056F728 /* CalcRentCostTests */ = {
			isa = PBXNativeTarget;
			buildConfigurationList = DB406971239A81300056F728 /* Build configuration list for PBXNativeTarget "CalcRentCostTests" */;
			buildPhases = (
				41A5372B0EB321989DD41A72 /* [CP] Check Pods Manifest.lock */,
				DB406956239A81300056F728 /* Sources */,
				DB406957239A81300056F728 /* Frameworks */,
				DB406958239A81300056F728 /* Resources */,
			);
			buildRules = (
			);
			dependencies = (
				DB40695C239A81300056F728 /* PBXTargetDependency */,
			);
			name = CalcRentCostTests;
			productName = CalcRentCostTests;
			productReference = DB40695A239A81300056F728 /* CalcRentCostTests.xctest */;
			productType = "com.apple.product-type.bundle.unit-test";
		};
		DB406964239A81300056F728 /* CalcRentCostUITests */ = {
			isa = PBXNativeTarget;
			buildConfigurationList = DB406974239A81300056F728 /* Build configuration list for PBXNativeTarget "CalcRentCostUITests" */;
			buildPhases = (
				BA7BBCDF4CCAB5A284675B56 /* [CP] Check Pods Manifest.lock */,
				DB406961239A81300056F728 /* Sources */,
				DB406962239A81300056F728 /* Frameworks */,
				DB406963239A81300056F728 /* Resources */,
				025359410729ACF33BF2761F /* [CP] Embed Pods Frameworks */,
			);
			buildRules = (
			);
			dependencies = (
				DB406967239A81300056F728 /* PBXTargetDependency */,
			);
			name = CalcRentCostUITests;
			productName = CalcRentCostUITests;
			productReference = DB406965239A81300056F728 /* CalcRentCostUITests.xctest */;
			productType = "com.apple.product-type.bundle.ui-testing";
		};
/* End PBXNativeTarget section */

/* Begin PBXProject section */
		DB40693C239A812F0056F728 /* Project object */ = {
			isa = PBXProject;
			attributes = {
				LastSwiftUpdateCheck = 1110;
				LastUpgradeCheck = 1110;
				ORGANIZATIONNAME = "Takao Horiguchi";
				TargetAttributes = {
					DB406943239A812F0056F728 = {
						CreatedOnToolsVersion = 11.1;
					};
					DB406959239A81300056F728 = {
						CreatedOnToolsVersion = 11.1;
						TestTargetID = DB406943239A812F0056F728;
					};
					DB406964239A81300056F728 = {
						CreatedOnToolsVersion = 11.1;
						TestTargetID = DB406943239A812F0056F728;
					};
				};
			};
			buildConfigurationList = DB40693F239A812F0056F728 /* Build configuration list for PBXProject "CalcRentCost" */;
			compatibilityVersion = "Xcode 9.3";
			developmentRegion = en;
			hasScannedForEncodings = 0;
			knownRegions = (
				en,
				Base,
			);
			mainGroup = DB40693B239A812F0056F728;
			productRefGroup = DB406945239A812F0056F728 /* Products */;
			projectDirPath = "";
			projectRoot = "";
			targets = (
				DB406943239A812F0056F728 /* CalcRentCost */,
				DB406959239A81300056F728 /* CalcRentCostTests */,
				DB406964239A81300056F728 /* CalcRentCostUITests */,
			);
		};
/* End PBXProject section */

/* Begin PBXResourcesBuildPhase section */
		DB406942239A812F0056F728 /* Resources */ = {
			isa = PBXResourcesBuildPhase;
			buildActionMask = 2147483647;
			files = (
				DB406954239A81300056F728 /* LaunchScreen.storyboard in Resources */,
				DB406951239A81300056F728 /* Assets.xcassets in Resources */,
				DB40694F239A812F0056F728 /* Main.storyboard in Resources */,
			);
			runOnlyForDeploymentPostprocessing = 0;
		};
		DB406958239A81300056F728 /* Resources */ = {
			isa = PBXResourcesBuildPhase;
			buildActionMask = 2147483647;
			files = (
			);
			runOnlyForDeploymentPostprocessing = 0;
		};
		DB406963239A81300056F728 /* Resources */ = {
			isa = PBXResourcesBuildPhase;
			buildActionMask = 2147483647;
			files = (
			);
			runOnlyForDeploymentPostprocessing = 0;
		};
/* End PBXResourcesBuildPhase section */

/* Begin PBXShellScriptBuildPhase section */
		025359410729ACF33BF2761F /* [CP] Embed Pods Frameworks */ = {
			isa = PBXShellScriptBuildPhase;
			buildActionMask = 2147483647;
			files = (
			);
			inputFileListPaths = (
				"${PODS_ROOT}/Target Support Files/Pods-CalcRentCost-CalcRentCostUITests/Pods-CalcRentCost-CalcRentCostUITests-frameworks-${CONFIGURATION}-input-files.xcfilelist",
			);
			name = "[CP] Embed Pods Frameworks";
			outputFileListPaths = (
				"${PODS_ROOT}/Target Support Files/Pods-CalcRentCost-CalcRentCostUITests/Pods-CalcRentCost-CalcRentCostUITests-frameworks-${CONFIGURATION}-output-files.xcfilelist",
			);
			runOnlyForDeploymentPostprocessing = 0;
			shellPath = /bin/sh;
			shellScript = "\"${PODS_ROOT}/Target Support Files/Pods-CalcRentCost-CalcRentCostUITests/Pods-CalcRentCost-CalcRentCostUITests-frameworks.sh\"\n";
			showEnvVarsInLog = 0;
		};
		41A5372B0EB321989DD41A72 /* [CP] Check Pods Manifest.lock */ = {
			isa = PBXShellScriptBuildPhase;
			buildActionMask = 2147483647;
			files = (
			);
			inputFileListPaths = (
			);
			inputPaths = (
				"${PODS_PODFILE_DIR_PATH}/Podfile.lock",
				"${PODS_ROOT}/Manifest.lock",
			);
			name = "[CP] Check Pods Manifest.lock";
			outputFileListPaths = (
			);
			outputPaths = (
				"$(DERIVED_FILE_DIR)/Pods-CalcRentCostTests-checkManifestLockResult.txt",
			);
			runOnlyForDeploymentPostprocessing = 0;
			shellPath = /bin/sh;
			shellScript = "diff \"${PODS_PODFILE_DIR_PATH}/Podfile.lock\" \"${PODS_ROOT}/Manifest.lock\" > /dev/null\nif [ $? != 0 ] ; then\n    # print error to STDERR\n    echo \"error: The sandbox is not in sync with the Podfile.lock. Run 'pod install' or update your CocoaPods installation.\" >&2\n    exit 1\nfi\n# This output is used by Xcode 'outputs' to avoid re-running this script phase.\necho \"SUCCESS\" > \"${SCRIPT_OUTPUT_FILE_0}\"\n";
			showEnvVarsInLog = 0;
		};
		70016D14898350F0DFAF5962 /* [CP] Embed Pods Frameworks */ = {
			isa = PBXShellScriptBuildPhase;
			buildActionMask = 2147483647;
			files = (
			);
			inputFileListPaths = (
				"${PODS_ROOT}/Target Support Files/Pods-CalcRentCost/Pods-CalcRentCost-frameworks-${CONFIGURATION}-input-files.xcfilelist",
			);
			name = "[CP] Embed Pods Frameworks";
			outputFileListPaths = (
				"${PODS_ROOT}/Target Support Files/Pods-CalcRentCost/Pods-CalcRentCost-frameworks-${CONFIGURATION}-output-files.xcfilelist",
			);
			runOnlyForDeploymentPostprocessing = 0;
			shellPath = /bin/sh;
			shellScript = "\"${PODS_ROOT}/Target Support Files/Pods-CalcRentCost/Pods-CalcRentCost-frameworks.sh\"\n";
			showEnvVarsInLog = 0;
		};
		BA7BBCDF4CCAB5A284675B56 /* [CP] Check Pods Manifest.lock */ = {
			isa = PBXShellScriptBuildPhase;
			buildActionMask = 2147483647;
			files = (
			);
			inputFileListPaths = (
			);
			inputPaths = (
				"${PODS_PODFILE_DIR_PATH}/Podfile.lock",
				"${PODS_ROOT}/Manifest.lock",
			);
			name = "[CP] Check Pods Manifest.lock";
			outputFileListPaths = (
			);
			outputPaths = (
				"$(DERIVED_FILE_DIR)/Pods-CalcRentCost-CalcRentCostUITests-checkManifestLockResult.txt",
			);
			runOnlyForDeploymentPostprocessing = 0;
			shellPath = /bin/sh;
			shellScript = "diff \"${PODS_PODFILE_DIR_PATH}/Podfile.lock\" \"${PODS_ROOT}/Manifest.lock\" > /dev/null\nif [ $? != 0 ] ; then\n    # print error to STDERR\n    echo \"error: The sandbox is not in sync with the Podfile.lock. Run 'pod install' or update your CocoaPods installation.\" >&2\n    exit 1\nfi\n# This output is used by Xcode 'outputs' to avoid re-running this script phase.\necho \"SUCCESS\" > \"${SCRIPT_OUTPUT_FILE_0}\"\n";
			showEnvVarsInLog = 0;
		};
		EFE447E3018C1BB70BF16D23 /* [CP] Check Pods Manifest.lock */ = {
			isa = PBXShellScriptBuildPhase;
			buildActionMask = 2147483647;
			files = (
			);
			inputFileListPaths = (
			);
			inputPaths = (
				"${PODS_PODFILE_DIR_PATH}/Podfile.lock",
				"${PODS_ROOT}/Manifest.lock",
			);
			name = "[CP] Check Pods Manifest.lock";
			outputFileListPaths = (
			);
			outputPaths = (
				"$(DERIVED_FILE_DIR)/Pods-CalcRentCost-checkManifestLockResult.txt",
			);
			runOnlyForDeploymentPostprocessing = 0;
			shellPath = /bin/sh;
			shellScript = "diff \"${PODS_PODFILE_DIR_PATH}/Podfile.lock\" \"${PODS_ROOT}/Manifest.lock\" > /dev/null\nif [ $? != 0 ] ; then\n    # print error to STDERR\n    echo \"error: The sandbox is not in sync with the Podfile.lock. Run 'pod install' or update your CocoaPods installation.\" >&2\n    exit 1\nfi\n# This output is used by Xcode 'outputs' to avoid re-running this script phase.\necho \"SUCCESS\" > \"${SCRIPT_OUTPUT_FILE_0}\"\n";
			showEnvVarsInLog = 0;
		};
/* End PBXShellScriptBuildPhase section */

/* Begin PBXSourcesBuildPhase section */
		DB406940239A812F0056F728 /* Sources */ = {
			isa = PBXSourcesBuildPhase;
			buildActionMask = 2147483647;
			files = (
				DB40694C239A812F0056F728 /* ViewController.swift in Sources */,
				DB406948239A812F0056F728 /* AppDelegate.swift in Sources */,
				DB40694A239A812F0056F728 /* SceneDelegate.swift in Sources */,
			);
			runOnlyForDeploymentPostprocessing = 0;
		};
		DB406956239A81300056F728 /* Sources */ = {
			isa = PBXSourcesBuildPhase;
			buildActionMask = 2147483647;
			files = (
				DB40695F239A81300056F728 /* CalcRentCostTests.swift in Sources */,
			);
			runOnlyForDeploymentPostprocessing = 0;
		};
		DB406961239A81300056F728 /* Sources */ = {
			isa = PBXSourcesBuildPhase;
			buildActionMask = 2147483647;
			files = (
				DB40696A239A81300056F728 /* CalcRentCostUITests.swift in Sources */,
			);
			runOnlyForDeploymentPostprocessing = 0;
		};
/* End PBXSourcesBuildPhase section */

/* Begin PBXTargetDependency section */
		DB40695C239A81300056F728 /* PBXTargetDependency */ = {
			isa = PBXTargetDependency;
			target = DB406943239A812F0056F728 /* CalcRentCost */;
			targetProxy = DB40695B239A81300056F728 /* PBXContainerItemProxy */;
		};
		DB406967239A81300056F728 /* PBXTargetDependency */ = {
			isa = PBXTargetDependency;
			target = DB406943239A812F0056F728 /* CalcRentCost */;
			targetProxy = DB406966239A81300056F728 /* PBXContainerItemProxy */;
		};
/* End PBXTargetDependency section */

/* Begin PBXVariantGroup section */
		DB40694D239A812F0056F728 /* Main.storyboard */ = {
			isa = PBXVariantGroup;
			children = (
				DB40694E239A812F0056F728 /* Base */,
			);
			name = Main.storyboard;
			sourceTree = "<group>";
		};
		DB406952239A81300056F728 /* LaunchScreen.storyboard */ = {
			isa = PBXVariantGroup;
			children = (
				DB406953239A81300056F728 /* Base */,
			);
			name = LaunchScreen.storyboard;
			sourceTree = "<group>";
		};
/* End PBXVariantGroup section */

/* Begin XCBuildConfiguration section */
		DB40696C239A81300056F728 /* Debug */ = {
			isa = XCBuildConfiguration;
			buildSettings = {
				ALWAYS_SEARCH_USER_PATHS = NO;
				CLANG_ANALYZER_NONNULL = YES;
				CLANG_ANALYZER_NUMBER_OBJECT_CONVERSION = YES_AGGRESSIVE;
				CLANG_CXX_LANGUAGE_STANDARD = "gnu++14";
				CLANG_CXX_LIBRARY = "libc++";
				CLANG_ENABLE_MODULES = YES;
				CLANG_ENABLE_OBJC_ARC = YES;
				CLANG_ENABLE_OBJC_WEAK = YES;
				CLANG_WARN_BLOCK_CAPTURE_AUTORELEASING = YES;
				CLANG_WARN_BOOL_CONVERSION = YES;
				CLANG_WARN_COMMA = YES;
				CLANG_WARN_CONSTANT_CONVERSION = YES;
				CLANG_WARN_DEPRECATED_OBJC_IMPLEMENTATIONS = YES;
				CLANG_WARN_DIRECT_OBJC_ISA_USAGE = YES_ERROR;
				CLANG_WARN_DOCUMENTATION_COMMENTS = YES;
				CLANG_WARN_EMPTY_BODY = YES;
				CLANG_WARN_ENUM_CONVERSION = YES;
				CLANG_WARN_INFINITE_RECURSION = YES;
				CLANG_WARN_INT_CONVERSION = YES;
				CLANG_WARN_NON_LITERAL_NULL_CONVERSION = YES;
				CLANG_WARN_OBJC_IMPLICIT_RETAIN_SELF = YES;
				CLANG_WARN_OBJC_LITERAL_CONVERSION = YES;
				CLANG_WARN_OBJC_ROOT_CLASS = YES_ERROR;
				CLANG_WARN_RANGE_LOOP_ANALYSIS = YES;
				CLANG_WARN_STRICT_PROTOTYPES = YES;
				CLANG_WARN_SUSPICIOUS_MOVE = YES;
				CLANG_WARN_UNGUARDED_AVAILABILITY = YES_AGGRESSIVE;
				CLANG_WARN_UNREACHABLE_CODE = YES;
				CLANG_WARN__DUPLICATE_METHOD_MATCH = YES;
				COPY_PHASE_STRIP = NO;
				DEBUG_INFORMATION_FORMAT = dwarf;
				ENABLE_STRICT_OBJC_MSGSEND = YES;
				ENABLE_TESTABILITY = YES;
				GCC_C_LANGUAGE_STANDARD = gnu11;
				GCC_DYNAMIC_NO_PIC = NO;
				GCC_NO_COMMON_BLOCKS = YES;
				GCC_OPTIMIZATION_LEVEL = 0;
				GCC_PREPROCESSOR_DEFINITIONS = (
					"DEBUG=1",
					"$(inherited)",
				);
				GCC_WARN_64_TO_32_BIT_CONVERSION = YES;
				GCC_WARN_ABOUT_RETURN_TYPE = YES_ERROR;
				GCC_WARN_UNDECLARED_SELECTOR = YES;
				GCC_WARN_UNINITIALIZED_AUTOS = YES_AGGRESSIVE;
				GCC_WARN_UNUSED_FUNCTION = YES;
				GCC_WARN_UNUSED_VARIABLE = YES;
				IPHONEOS_DEPLOYMENT_TARGET = 13.1;
				MTL_ENABLE_DEBUG_INFO = INCLUDE_SOURCE;
				MTL_FAST_MATH = YES;
				ONLY_ACTIVE_ARCH = YES;
				SDKROOT = iphoneos;
				SWIFT_ACTIVE_COMPILATION_CONDITIONS = DEBUG;
				SWIFT_OPTIMIZATION_LEVEL = "-Onone";
			};
			name = Debug;
		};
		DB40696D239A81300056F728 /* Release */ = {
			isa = XCBuildConfiguration;
			buildSettings = {
				ALWAYS_SEARCH_USER_PATHS = NO;
				CLANG_ANALYZER_NONNULL = YES;
				CLANG_ANALYZER_NUMBER_OBJECT_CONVERSION = YES_AGGRESSIVE;
				CLANG_CXX_LANGUAGE_STANDARD = "gnu++14";
				CLANG_CXX_LIBRARY = "libc++";
				CLANG_ENABLE_MODULES = YES;
				CLANG_ENABLE_OBJC_ARC = YES;
				CLANG_ENABLE_OBJC_WEAK = YES;
				CLANG_WARN_BLOCK_CAPTURE_AUTORELEASING = YES;
				CLANG_WARN_BOOL_CONVERSION = YES;
				CLANG_WARN_COMMA = YES;
				CLANG_WARN_CONSTANT_CONVERSION = YES;
				CLANG_WARN_DEPRECATED_OBJC_IMPLEMENTATIONS = YES;
				CLANG_WARN_DIRECT_OBJC_ISA_USAGE = YES_ERROR;
				CLANG_WARN_DOCUMENTATION_COMMENTS = YES;
				CLANG_WARN_EMPTY_BODY = YES;
				CLANG_WARN_ENUM_CONVERSION = YES;
				CLANG_WARN_INFINITE_RECURSION = YES;
				CLANG_WARN_INT_CONVERSION = YES;
				CLANG_WARN_NON_LITERAL_NULL_CONVERSION = YES;
				CLANG_WARN_OBJC_IMPLICIT_RETAIN_SELF = YES;
				CLANG_WARN_OBJC_LITERAL_CONVERSION = YES;
				CLANG_WARN_OBJC_ROOT_CLASS = YES_ERROR;
				CLANG_WARN_RANGE_LOOP_ANALYSIS = YES;
				CLANG_WARN_STRICT_PROTOTYPES = YES;
				CLANG_WARN_SUSPICIOUS_MOVE = YES;
				CLANG_WARN_UNGUARDED_AVAILABILITY = YES_AGGRESSIVE;
				CLANG_WARN_UNREACHABLE_CODE = YES;
				CLANG_WARN__DUPLICATE_METHOD_MATCH = YES;
				COPY_PHASE_STRIP = NO;
				DEBUG_INFORMATION_FORMAT = "dwarf-with-dsym";
				ENABLE_NS_ASSERTIONS = NO;
				ENABLE_STRICT_OBJC_MSGSEND = YES;
				GCC_C_LANGUAGE_STANDARD = gnu11;
				GCC_NO_COMMON_BLOCKS = YES;
				GCC_WARN_64_TO_32_BIT_CONVERSION = YES;
				GCC_WARN_ABOUT_RETURN_TYPE = YES_ERROR;
				GCC_WARN_UNDECLARED_SELECTOR = YES;
				GCC_WARN_UNINITIALIZED_AUTOS = YES_AGGRESSIVE;
				GCC_WARN_UNUSED_FUNCTION = YES;
				GCC_WARN_UNUSED_VARIABLE = YES;
				IPHONEOS_DEPLOYMENT_TARGET = 13.1;
				MTL_ENABLE_DEBUG_INFO = NO;
				MTL_FAST_MATH = YES;
				SDKROOT = iphoneos;
				SWIFT_COMPILATION_MODE = wholemodule;
				SWIFT_OPTIMIZATION_LEVEL = "-O";
				VALIDATE_PRODUCT = YES;
			};
			name = Release;
		};
		DB40696F239A81300056F728 /* Debug */ = {
			isa = XCBuildConfiguration;
			baseConfigurationReference = 101EAFAB1EFDAA4033A8EA38 /* Pods-CalcRentCost.debug.xcconfig */;
			buildSettings = {
				ASSETCATALOG_COMPILER_APPICON_NAME = AppIcon;
				CODE_SIGN_STYLE = Automatic;
				DEVELOPMENT_TEAM = J5WW4LM3TV;
				INFOPLIST_FILE = CalcRentCost/Info.plist;
				LD_RUNPATH_SEARCH_PATHS = (
					"$(inherited)",
					"@executable_path/Frameworks",
				);
				PRODUCT_BUNDLE_IDENTIFIER = com.takaoh717.CalcRentCost;
				PRODUCT_NAME = "$(TARGET_NAME)";
				SWIFT_VERSION = 5.0;
				TARGETED_DEVICE_FAMILY = "1,2";
			};
			name = Debug;
		};
		DB406970239A81300056F728 /* Release */ = {
			isa = XCBuildConfiguration;
			baseConfigurationReference = 75C5B48ACD1323B2370BA6D8 /* Pods-CalcRentCost.release.xcconfig */;
			buildSettings = {
				ASSETCATALOG_COMPILER_APPICON_NAME = AppIcon;
				CODE_SIGN_STYLE = Automatic;
				DEVELOPMENT_TEAM = J5WW4LM3TV;
				INFOPLIST_FILE = CalcRentCost/Info.plist;
				LD_RUNPATH_SEARCH_PATHS = (
					"$(inherited)",
					"@executable_path/Frameworks",
				);
				PRODUCT_BUNDLE_IDENTIFIER = com.takaoh717.CalcRentCost;
				PRODUCT_NAME = "$(TARGET_NAME)";
				SWIFT_VERSION = 5.0;
				TARGETED_DEVICE_FAMILY = "1,2";
			};
			name = Release;
		};
		DB406972239A81300056F728 /* Debug */ = {
			isa = XCBuildConfiguration;
			baseConfigurationReference = 9E7D7D466878885BB21113AA /* Pods-CalcRentCostTests.debug.xcconfig */;
			buildSettings = {
				ALWAYS_EMBED_SWIFT_STANDARD_LIBRARIES = YES;
				BUNDLE_LOADER = "$(TEST_HOST)";
				CODE_SIGN_STYLE = Automatic;
				DEVELOPMENT_TEAM = J5WW4LM3TV;
				INFOPLIST_FILE = CalcRentCostTests/Info.plist;
				IPHONEOS_DEPLOYMENT_TARGET = 13.1;
				LD_RUNPATH_SEARCH_PATHS = (
					"$(inherited)",
					"@executable_path/Frameworks",
					"@loader_path/Frameworks",
				);
				PRODUCT_BUNDLE_IDENTIFIER = com.takaoh717.CalcRentCostTests;
				PRODUCT_NAME = "$(TARGET_NAME)";
				SWIFT_VERSION = 5.0;
				TARGETED_DEVICE_FAMILY = "1,2";
				TEST_HOST = "$(BUILT_PRODUCTS_DIR)/CalcRentCost.app/CalcRentCost";
			};
			name = Debug;
		};
		DB406973239A81300056F728 /* Release */ = {
			isa = XCBuildConfiguration;
			baseConfigurationReference = B2F66DF92C8EB8E07B8746F8 /* Pods-CalcRentCostTests.release.xcconfig */;
			buildSettings = {
				ALWAYS_EMBED_SWIFT_STANDARD_LIBRARIES = YES;
				BUNDLE_LOADER = "$(TEST_HOST)";
				CODE_SIGN_STYLE = Automatic;
				DEVELOPMENT_TEAM = J5WW4LM3TV;
				INFOPLIST_FILE = CalcRentCostTests/Info.plist;
				IPHONEOS_DEPLOYMENT_TARGET = 13.1;
				LD_RUNPATH_SEARCH_PATHS = (
					"$(inherited)",
					"@executable_path/Frameworks",
					"@loader_path/Frameworks",
				);
				PRODUCT_BUNDLE_IDENTIFIER = com.takaoh717.CalcRentCostTests;
				PRODUCT_NAME = "$(TARGET_NAME)";
				SWIFT_VERSION = 5.0;
				TARGETED_DEVICE_FAMILY = "1,2";
				TEST_HOST = "$(BUILT_PRODUCTS_DIR)/CalcRentCost.app/CalcRentCost";
			};
			name = Release;
		};
		DB406975239A81300056F728 /* Debug */ = {
			isa = XCBuildConfiguration;
			baseConfigurationReference = 42EA60607CD9BF610327DFCD /* Pods-CalcRentCost-CalcRentCostUITests.debug.xcconfig */;
			buildSettings = {
				ALWAYS_EMBED_SWIFT_STANDARD_LIBRARIES = YES;
				CODE_SIGN_STYLE = Automatic;
				DEVELOPMENT_TEAM = J5WW4LM3TV;
				INFOPLIST_FILE = CalcRentCostUITests/Info.plist;
				LD_RUNPATH_SEARCH_PATHS = (
					"$(inherited)",
					"@executable_path/Frameworks",
					"@loader_path/Frameworks",
				);
				PRODUCT_BUNDLE_IDENTIFIER = com.takaoh717.CalcRentCostUITests;
				PRODUCT_NAME = "$(TARGET_NAME)";
				SWIFT_VERSION = 5.0;
				TARGETED_DEVICE_FAMILY = "1,2";
				TEST_TARGET_NAME = CalcRentCost;
			};
			name = Debug;
		};
		DB406976239A81300056F728 /* Release */ = {
			isa = XCBuildConfiguration;
			baseConfigurationReference = A5271F2BE6F0C661DFCB7D93 /* Pods-CalcRentCost-CalcRentCostUITests.release.xcconfig */;
			buildSettings = {
				ALWAYS_EMBED_SWIFT_STANDARD_LIBRARIES = YES;
				CODE_SIGN_STYLE = Automatic;
				DEVELOPMENT_TEAM = J5WW4LM3TV;
				INFOPLIST_FILE = CalcRentCostUITests/Info.plist;
				LD_RUNPATH_SEARCH_PATHS = (
					"$(inherited)",
					"@executable_path/Frameworks",
					"@loader_path/Frameworks",
				);
				PRODUCT_BUNDLE_IDENTIFIER = com.takaoh717.CalcRentCostUITests;
				PRODUCT_NAME = "$(TARGET_NAME)";
				SWIFT_VERSION = 5.0;
				TARGETED_DEVICE_FAMILY = "1,2";
				TEST_TARGET_NAME = CalcRentCost;
			};
			name = Release;
		};
/* End XCBuildConfiguration section */

/* Begin XCConfigurationList section */
		DB40693F239A812F0056F728 /* Build configuration list for PBXProject "CalcRentCost" */ = {
			isa = XCConfigurationList;
			buildConfigurations = (
				DB40696C239A81300056F728 /* Debug */,
				DB40696D239A81300056F728 /* Release */,
			);
			defaultConfigurationIsVisible = 0;
			defaultConfigurationName = Release;
		};
		DB40696E239A81300056F728 /* Build configuration list for PBXNativeTarget "CalcRentCost" */ = {
			isa = XCConfigurationList;
			buildConfigurations = (
				DB40696F239A81300056F728 /* Debug */,
				DB406970239A81300056F728 /* Release */,
			);
			defaultConfigurationIsVisible = 0;
			defaultConfigurationName = Release;
		};
		DB406971239A81300056F728 /* Build configuration list for PBXNativeTarget "CalcRentCostTests" */ = {
			isa = XCConfigurationList;
			buildConfigurations = (
				DB406972239A81300056F728 /* Debug */,
				DB406973239A81300056F728 /* Release */,
			);
			defaultConfigurationIsVisible = 0;
			defaultConfigurationName = Release;
		};
		DB406974239A81300056F728 /* Build configuration list for PBXNativeTarget "CalcRentCostUITests" */ = {
			isa = XCConfigurationList;
			buildConfigurations = (
				DB406975239A81300056F728 /* Debug */,
				DB406976239A81300056F728 /* Release */,
			);
			defaultConfigurationIsVisible = 0;
			defaultConfigurationName = Release;
		};
/* End XCConfigurationList section */
	};
	rootObject = DB40693C239A812F0056F728 /* Project object */;
}
